
Microsoft Visual Studio Solution File, Format Version 12.00
# Visual Studio Version 17
VisualStudioVersion = 17.8.34330.188
MinimumVisualStudioVersion = 10.0.40219.1
Project("{FAE04EC0-301F-11D3-BF4B-00C04F79EFBC}") = "NatauSolution", "NatauSolution\NatauSolution.csproj", "{232A81AF-8588-4790-9489-E4A40DC94365}"
EndProject
Global
	GlobalSection(SolutionConfigurationPlatforms) = preSolution
		Debug|Any CPU = Debug|Any CPU
		Release|Any CPU = Release|Any CPU
	EndGlobalSection
	GlobalSection(ProjectConfigurationPlatforms) = postSolution
		{232A81AF-8588-4790-9489-E4A40DC94365}.Debug|Any CPU.ActiveCfg = Debug|Any CPU
		{232A81AF-8588-4790-9489-E4A40DC94365}.Debug|Any CPU.Build.0 = Debug|Any CPU
		{232A81AF-8588-4790-9489-E4A40DC94365}.Release|Any CPU.ActiveCfg = Release|Any CPU
		{232A81AF-8588-4790-9489-E4A40DC94365}.Release|Any CPU.Build.0 = Release|Any CPU
	EndGlobalSection
	GlobalSection(SolutionProperties) = preSolution
		HideSolutionNode = FALSE
	EndGlobalSection
	GlobalSection(ExtensibilityGlobals) = postSolution
		SolutionGuid = {63F42FEF-1895-4CD6-AC57-D8961AF21312}
	EndGlobalSection
EndGlobal
